// !$*UTF8*$!
{
	archiveVersion = 1;
	classes = {
	};
	objectVersion = 77;
	objects = {

/* Begin PBXBuildFile section */
		32FE0C202D13C44200AA4513 /* FirebaseAnalytics in Frameworks */ = {isa = PBXBuildFile; productRef = 32FE0C1F2D13C44200AA4513 /* FirebaseAnalytics */; };
		32FE0C222D13C44200AA4513 /* FirebaseAppCheck in Frameworks */ = {isa = PBXBuildFile; productRef = 32FE0C212D13C44200AA4513 /* FirebaseAppCheck */; };
		32FE0C242D13C44200AA4513 /* FirebaseAuth in Frameworks */ = {isa = PBXBuildFile; productRef = 32FE0C232D13C44200AA4513 /* FirebaseAuth */; };
		32FE0C262D13C44200AA4513 /* FirebaseCrashlytics in Frameworks */ = {isa = PBXBuildFile; productRef = 32FE0C252D13C44200AA4513 /* FirebaseCrashlytics */; };
		32FE0C8B2D13C49800AA4513 /* FirebaseMessaging in Frameworks */ = {isa = PBXBuildFile; productRef = 32FE0C8A2D13C49800AA4513 /* FirebaseMessaging */; };
		32FE0C8D2D13C4C000AA4513 /* FirebaseFirestore in Frameworks */ = {isa = PBXBuildFile; productRef = 32FE0C8C2D13C4C000AA4513 /* FirebaseFirestore */; };
		32FE0D5B2D14333C00AA4513 /* FirebaseFunctions in Frameworks */ = {isa = PBXBuildFile; productRef = 32FE0D5A2D14333C00AA4513 /* FirebaseFunctions */; };
/* End PBXBuildFile section */

/* Begin PBXContainerItemProxy section */
		32FE0C022D131DFE00AA4513 /* PBXContainerItemProxy */ = {
			isa = PBXContainerItemProxy;
			containerPortal = 32FE0BE82D131DFC00AA4513 /* Project object */;
			proxyType = 1;
			remoteGlobalIDString = 32FE0BEF2D131DFC00AA4513;
			remoteInfo = AIQuiz;
		};
		32FE0C0C2D131DFE00AA4513 /* PBXContainerItemProxy */ = {
			isa = PBXContainerItemProxy;
			containerPortal = 32FE0BE82D131DFC00AA4513 /* Project object */;
			proxyType = 1;
			remoteGlobalIDString = 32FE0BEF2D131DFC00AA4513;
			remoteInfo = AIQuiz;
		};
/* End PBXContainerItemProxy section */

/* Begin PBXFileReference section */
		32FE0BF02D131DFC00AA4513 /* AIQuiz.app */ = {isa = PBXFileReference; explicitFileType = wrapper.application; includeInIndex = 0; path = AIQuiz.app; sourceTree = BUILT_PRODUCTS_DIR; };
		32FE0C012D131DFE00AA4513 /* AIQuizTests.xctest */ = {isa = PBXFileReference; explicitFileType = wrapper.cfbundle; includeInIndex = 0; path = AIQuizTests.xctest; sourceTree = BUILT_PRODUCTS_DIR; };
		32FE0C0B2D131DFE00AA4513 /* AIQuizUITests.xctest */ = {isa = PBXFileReference; explicitFileType = wrapper.cfbundle; includeInIndex = 0; path = AIQuizUITests.xctest; sourceTree = BUILT_PRODUCTS_DIR; };
/* End PBXFileReference section */

/* Begin PBXFileSystemSynchronizedRootGroup section */
		32FE0BF22D131DFC00AA4513 /* AIQuiz */ = {
			isa = PBXFileSystemSynchronizedRootGroup;
			path = AIQuiz;
			sourceTree = "<group>";
		};
		32FE0C042D131DFE00AA4513 /* AIQuizTests */ = {
			isa = PBXFileSystemSynchronizedRootGroup;
			path = AIQuizTests;
			sourceTree = "<group>";
		};
		32FE0C0E2D131DFE00AA4513 /* AIQuizUITests */ = {
			isa = PBXFileSystemSynchronizedRootGroup;
			path = AIQuizUITests;
			sourceTree = "<group>";
		};
/* End PBXFileSystemSynchronizedRootGroup section */

/* Begin PBXFrameworksBuildPhase section */
		32FE0BED2D131DFC00AA4513 /* Frameworks */ = {
			isa = PBXFrameworksBuildPhase;
			buildActionMask = 2147483647;
			files = (
				32FE0C222D13C44200AA4513 /* FirebaseAppCheck in Frameworks */,
				32FE0D5B2D14333C00AA4513 /* FirebaseFunctions in Frameworks */,
				32FE0C262D13C44200AA4513 /* FirebaseCrashlytics in Frameworks */,
				32FE0C8B2D13C49800AA4513 /* FirebaseMessaging in Frameworks */,
				32FE0C242D13C44200AA4513 /* FirebaseAuth in Frameworks */,
				32FE0C202D13C44200AA4513 /* FirebaseAnalytics in Frameworks */,
				32FE0C8D2D13C4C000AA4513 /* FirebaseFirestore in Frameworks */,
			);
			runOnlyForDeploymentPostprocessing = 0;
		};
		32FE0BFE2D131DFE00AA4513 /* Frameworks */ = {
			isa = PBXFrameworksBuildPhase;
			buildActionMask = 2147483647;
			files = (
			);
			runOnlyForDeploymentPostprocessing = 0;
		};
		32FE0C082D131DFE00AA4513 /* Frameworks */ = {
			isa = PBXFrameworksBuildPhase;
			buildActionMask = 2147483647;
			files = (
			);
			runOnlyForDeploymentPostprocessing = 0;
		};
/* End PBXFrameworksBuildPhase section */

/* Begin PBXGroup section */
		32FE0BE72D131DFC00AA4513 = {
			isa = PBXGroup;
			children = (
				32FE0BF22D131DFC00AA4513 /* AIQuiz */,
				32FE0C042D131DFE00AA4513 /* AIQuizTests */,
				32FE0C0E2D131DFE00AA4513 /* AIQuizUITests */,
				32FE0C892D13C49800AA4513 /* Frameworks */,
				32FE0BF12D131DFC00AA4513 /* Products */,
			);
			sourceTree = "<group>";
		};
		32FE0BF12D131DFC00AA4513 /* Products */ = {
			isa = PBXGroup;
			children = (
				32FE0BF02D131DFC00AA4513 /* AIQuiz.app */,
				32FE0C012D131DFE00AA4513 /* AIQuizTests.xctest */,
				32FE0C0B2D131DFE00AA4513 /* AIQuizUITests.xctest */,
			);
			name = Products;
			sourceTree = "<group>";
		};
		32FE0C892D13C49800AA4513 /* Frameworks */ = {
			isa = PBXGroup;
			children = (
			);
			name = Frameworks;
			sourceTree = "<group>";
		};
/* End PBXGroup section */

/* Begin PBXNativeTarget section */
		32FE0BEF2D131DFC00AA4513 /* AIQuiz */ = {
			isa = PBXNativeTarget;
			buildConfigurationList = 32FE0C152D131DFE00AA4513 /* Build configuration list for PBXNativeTarget "AIQuiz" */;
			buildPhases = (
				32FE0BEC2D131DFC00AA4513 /* Sources */,
				32FE0BED2D131DFC00AA4513 /* Frameworks */,
				32FE0BEE2D131DFC00AA4513 /* Resources */,
			);
			buildRules = (
			);
			dependencies = (
			);
			fileSystemSynchronizedGroups = (
				32FE0BF22D131DFC00AA4513 /* AIQuiz */,
			);
			name = AIQuiz;
			packageProductDependencies = (
				32FE0C1F2D13C44200AA4513 /* FirebaseAnalytics */,
				32FE0C212D13C44200AA4513 /* FirebaseAppCheck */,
				32FE0C232D13C44200AA4513 /* FirebaseAuth */,
				32FE0C252D13C44200AA4513 /* FirebaseCrashlytics */,
				32FE0C8A2D13C49800AA4513 /* FirebaseMessaging */,
				32FE0C8C2D13C4C000AA4513 /* FirebaseFirestore */,
				32FE0D5A2D14333C00AA4513 /* FirebaseFunctions */,
			);
			productName = AIQuiz;
			productReference = 32FE0BF02D131DFC00AA4513 /* AIQuiz.app */;
			productType = "com.apple.product-type.application";
		};
		32FE0C002D131DFE00AA4513 /* AIQuizTests */ = {
			isa = PBXNativeTarget;
			buildConfigurationList = 32FE0C182D131DFE00AA4513 /* Build configuration list for PBXNativeTarget "AIQuizTests" */;
			buildPhases = (
				32FE0BFD2D131DFE00AA4513 /* Sources */,
				32FE0BFE2D131DFE00AA4513 /* Frameworks */,
				32FE0BFF2D131DFE00AA4513 /* Resources */,
			);
			buildRules = (
			);
			dependencies = (
				32FE0C032D131DFE00AA4513 /* PBXTargetDependency */,
			);
			fileSystemSynchronizedGroups = (
				32FE0C042D131DFE00AA4513 /* AIQuizTests */,
			);
			name = AIQuizTests;
			packageProductDependencies = (
			);
			productName = AIQuizTests;
			productReference = 32FE0C012D131DFE00AA4513 /* AIQuizTests.xctest */;
			productType = "com.apple.product-type.bundle.unit-test";
		};
		32FE0C0A2D131DFE00AA4513 /* AIQuizUITests */ = {
			isa = PBXNativeTarget;
			buildConfigurationList = 32FE0C1B2D131DFE00AA4513 /* Build configuration list for PBXNativeTarget "AIQuizUITests" */;
			buildPhases = (
				32FE0C072D131DFE00AA4513 /* Sources */,
				32FE0C082D131DFE00AA4513 /* Frameworks */,
				32FE0C092D131DFE00AA4513 /* Resources */,
			);
			buildRules = (
			);
			dependencies = (
				32FE0C0D2D131DFE00AA4513 /* PBXTargetDependency */,
			);
			fileSystemSynchronizedGroups = (
				32FE0C0E2D131DFE00AA4513 /* AIQuizUITests */,
			);
			name = AIQuizUITests;
			packageProductDependencies = (
			);
			productName = AIQuizUITests;
			productReference = 32FE0C0B2D131DFE00AA4513 /* AIQuizUITests.xctest */;
			productType = "com.apple.product-type.bundle.ui-testing";
		};
/* End PBXNativeTarget section */

/* Begin PBXProject section */
		32FE0BE82D131DFC00AA4513 /* Project object */ = {
			isa = PBXProject;
			attributes = {
				BuildIndependentTargetsInParallel = 1;
				LastSwiftUpdateCheck = 1610;
				LastUpgradeCheck = 1610;
				TargetAttributes = {
					32FE0BEF2D131DFC00AA4513 = {
						CreatedOnToolsVersion = 16.1;
					};
					32FE0C002D131DFE00AA4513 = {
						CreatedOnToolsVersion = 16.1;
						TestTargetID = 32FE0BEF2D131DFC00AA4513;
					};
					32FE0C0A2D131DFE00AA4513 = {
						CreatedOnToolsVersion = 16.1;
						TestTargetID = 32FE0BEF2D131DFC00AA4513;
					};
				};
			};
			buildConfigurationList = 32FE0BEB2D131DFC00AA4513 /* Build configuration list for PBXProject "AIQuiz" */;
			developmentRegion = en;
			hasScannedForEncodings = 0;
			knownRegions = (
				en,
				Base,
			);
			mainGroup = 32FE0BE72D131DFC00AA4513;
			minimizedProjectReferenceProxies = 1;
			packageReferences = (
				32FE0C1E2D13C44200AA4513 /* XCRemoteSwiftPackageReference "firebase-ios-sdk" */,
			);
			preferredProjectObjectVersion = 77;
			productRefGroup = 32FE0BF12D131DFC00AA4513 /* Products */;
			projectDirPath = "";
			projectRoot = "";
			targets = (
				32FE0BEF2D131DFC00AA4513 /* AIQuiz */,
				32FE0C002D131DFE00AA4513 /* AIQuizTests */,
				32FE0C0A2D131DFE00AA4513 /* AIQuizUITests */,
			);
		};
/* End PBXProject section */

/* Begin PBXResourcesBuildPhase section */
		32FE0BEE2D131DFC00AA4513 /* Resources */ = {
			isa = PBXResourcesBuildPhase;
			buildActionMask = 2147483647;
			files = (
			);
			runOnlyForDeploymentPostprocessing = 0;
		};
		32FE0BFF2D131DFE00AA4513 /* Resources */ = {
			isa = PBXResourcesBuildPhase;
			buildActionMask = 2147483647;
			files = (
			);
			runOnlyForDeploymentPostprocessing = 0;
		};
		32FE0C092D131DFE00AA4513 /* Resources */ = {
			isa = PBXResourcesBuildPhase;
			buildActionMask = 2147483647;
			files = (
			);
			runOnlyForDeploymentPostprocessing = 0;
		};
/* End PBXResourcesBuildPhase section */

/* Begin PBXSourcesBuildPhase section */
		32FE0BEC2D131DFC00AA4513 /* Sources */ = {
			isa = PBXSourcesBuildPhase;
			buildActionMask = 2147483647;
			files = (
			);
			runOnlyForDeploymentPostprocessing = 0;
		};
		32FE0BFD2D131DFE00AA4513 /* Sources */ = {
			isa = PBXSourcesBuildPhase;
			buildActionMask = 2147483647;
			files = (
			);
			runOnlyForDeploymentPostprocessing = 0;
		};
		32FE0C072D131DFE00AA4513 /* Sources */ = {
			isa = PBXSourcesBuildPhase;
			buildActionMask = 2147483647;
			files = (
			);
			runOnlyForDeploymentPostprocessing = 0;
		};
/* End PBXSourcesBuildPhase section */

/* Begin PBXTargetDependency section */
		32FE0C032D131DFE00AA4513 /* PBXTargetDependency */ = {
			isa = PBXTargetDependency;
			target = 32FE0BEF2D131DFC00AA4513 /* AIQuiz */;
			targetProxy = 32FE0C022D131DFE00AA4513 /* PBXContainerItemProxy */;
		};
		32FE0C0D2D131DFE00AA4513 /* PBXTargetDependency */ = {
			isa = PBXTargetDependency;
			target = 32FE0BEF2D131DFC00AA4513 /* AIQuiz */;
			targetProxy = 32FE0C0C2D131DFE00AA4513 /* PBXContainerItemProxy */;
		};
/* End PBXTargetDependency section */

/* Begin XCBuildConfiguration section */
		32FE0C132D131DFE00AA4513 /* Debug */ = {
			isa = XCBuildConfiguration;
			buildSettings = {
				ALWAYS_SEARCH_USER_PATHS = NO;
				ASSETCATALOG_COMPILER_GENERATE_SWIFT_ASSET_SYMBOL_EXTENSIONS = YES;
				CLANG_ANALYZER_NONNULL = YES;
				CLANG_ANALYZER_NUMBER_OBJECT_CONVERSION = YES_AGGRESSIVE;
				CLANG_CXX_LANGUAGE_STANDARD = "gnu++20";
				CLANG_ENABLE_MODULES = YES;
				CLANG_ENABLE_OBJC_ARC = YES;
				CLANG_ENABLE_OBJC_WEAK = YES;
				CLANG_WARN_BLOCK_CAPTURE_AUTORELEASING = YES;
				CLANG_WARN_BOOL_CONVERSION = YES;
				CLANG_WARN_COMMA = YES;
				CLANG_WARN_CONSTANT_CONVERSION = YES;
				CLANG_WARN_DEPRECATED_OBJC_IMPLEMENTATIONS = YES;
				CLANG_WARN_DIRECT_OBJC_ISA_USAGE = YES_ERROR;
				CLANG_WARN_DOCUMENTATION_COMMENTS = YES;
				CLANG_WARN_EMPTY_BODY = YES;
				CLANG_WARN_ENUM_CONVERSION = YES;
				CLANG_WARN_INFINITE_RECURSION = YES;
				CLANG_WARN_INT_CONVERSION = YES;
				CLANG_WARN_NON_LITERAL_NULL_CONVERSION = YES;
				CLANG_WARN_OBJC_IMPLICIT_RETAIN_SELF = YES;
				CLANG_WARN_OBJC_LITERAL_CONVERSION = YES;
				CLANG_WARN_OBJC_ROOT_CLASS = YES_ERROR;
				CLANG_WARN_QUOTED_INCLUDE_IN_FRAMEWORK_HEADER = YES;
				CLANG_WARN_RANGE_LOOP_ANALYSIS = YES;
				CLANG_WARN_STRICT_PROTOTYPES = YES;
				CLANG_WARN_SUSPICIOUS_MOVE = YES;
				CLANG_WARN_UNGUARDED_AVAILABILITY = YES_AGGRESSIVE;
				CLANG_WARN_UNREACHABLE_CODE = YES;
				CLANG_WARN__DUPLICATE_METHOD_MATCH = YES;
				COPY_PHASE_STRIP = NO;
				DEBUG_INFORMATION_FORMAT = dwarf;
				ENABLE_STRICT_OBJC_MSGSEND = YES;
				ENABLE_TESTABILITY = YES;
				ENABLE_USER_SCRIPT_SANDBOXING = YES;
				GCC_C_LANGUAGE_STANDARD = gnu17;
				GCC_DYNAMIC_NO_PIC = NO;
				GCC_NO_COMMON_BLOCKS = YES;
				GCC_OPTIMIZATION_LEVEL = 0;
				GCC_PREPROCESSOR_DEFINITIONS = (
					"DEBUG=1",
					"$(inherited)",
				);
				GCC_WARN_64_TO_32_BIT_CONVERSION = YES;
				GCC_WARN_ABOUT_RETURN_TYPE = YES_ERROR;
				GCC_WARN_UNDECLARED_SELECTOR = YES;
				GCC_WARN_UNINITIALIZED_AUTOS = YES_AGGRESSIVE;
				GCC_WARN_UNUSED_FUNCTION = YES;
				GCC_WARN_UNUSED_VARIABLE = YES;
				LOCALIZATION_PREFERS_STRING_CATALOGS = YES;
				MTL_ENABLE_DEBUG_INFO = INCLUDE_SOURCE;
				MTL_FAST_MATH = YES;
				ONLY_ACTIVE_ARCH = YES;
				SWIFT_ACTIVE_COMPILATION_CONDITIONS = "DEBUG $(inherited)";
				SWIFT_OPTIMIZATION_LEVEL = "-Onone";
			};
			name = Debug;
		};
		32FE0C142D131DFE00AA4513 /* Release */ = {
			isa = XCBuildConfiguration;
			buildSettings = {
				ALWAYS_SEARCH_USER_PATHS = NO;
				ASSETCATALOG_COMPILER_GENERATE_SWIFT_ASSET_SYMBOL_EXTENSIONS = YES;
				CLANG_ANALYZER_NONNULL = YES;
				CLANG_ANALYZER_NUMBER_OBJECT_CONVERSION = YES_AGGRESSIVE;
				CLANG_CXX_LANGUAGE_STANDARD = "gnu++20";
				CLANG_ENABLE_MODULES = YES;
				CLANG_ENABLE_OBJC_ARC = YES;
				CLANG_ENABLE_OBJC_WEAK = YES;
				CLANG_WARN_BLOCK_CAPTURE_AUTORELEASING = YES;
				CLANG_WARN_BOOL_CONVERSION = YES;
				CLANG_WARN_COMMA = YES;
				CLANG_WARN_CONSTANT_CONVERSION = YES;
				CLANG_WARN_DEPRECATED_OBJC_IMPLEMENTATIONS = YES;
				CLANG_WARN_DIRECT_OBJC_ISA_USAGE = YES_ERROR;
				CLANG_WARN_DOCUMENTATION_COMMENTS = YES;
				CLANG_WARN_EMPTY_BODY = YES;
				CLANG_WARN_ENUM_CONVERSION = YES;
				CLANG_WARN_INFINITE_RECURSION = YES;
				CLANG_WARN_INT_CONVERSION = YES;
				CLANG_WARN_NON_LITERAL_NULL_CONVERSION = YES;
				CLANG_WARN_OBJC_IMPLICIT_RETAIN_SELF = YES;
				CLANG_WARN_OBJC_LITERAL_CONVERSION = YES;
				CLANG_WARN_OBJC_ROOT_CLASS = YES_ERROR;
				CLANG_WARN_QUOTED_INCLUDE_IN_FRAMEWORK_HEADER = YES;
				CLANG_WARN_RANGE_LOOP_ANALYSIS = YES;
				CLANG_WARN_STRICT_PROTOTYPES = YES;
				CLANG_WARN_SUSPICIOUS_MOVE = YES;
				CLANG_WARN_UNGUARDED_AVAILABILITY = YES_AGGRESSIVE;
				CLANG_WARN_UNREACHABLE_CODE = YES;
				CLANG_WARN__DUPLICATE_METHOD_MATCH = YES;
				COPY_PHASE_STRIP = NO;
				DEBUG_INFORMATION_FORMAT = "dwarf-with-dsym";
				ENABLE_NS_ASSERTIONS = NO;
				ENABLE_STRICT_OBJC_MSGSEND = YES;
				ENABLE_USER_SCRIPT_SANDBOXING = YES;
				GCC_C_LANGUAGE_STANDARD = gnu17;
				GCC_NO_COMMON_BLOCKS = YES;
				GCC_WARN_64_TO_32_BIT_CONVERSION = YES;
				GCC_WARN_ABOUT_RETURN_TYPE = YES_ERROR;
				GCC_WARN_UNDECLARED_SELECTOR = YES;
				GCC_WARN_UNINITIALIZED_AUTOS = YES_AGGRESSIVE;
				GCC_WARN_UNUSED_FUNCTION = YES;
				GCC_WARN_UNUSED_VARIABLE = YES;
				LOCALIZATION_PREFERS_STRING_CATALOGS = YES;
				MTL_ENABLE_DEBUG_INFO = NO;
				MTL_FAST_MATH = YES;
				SWIFT_COMPILATION_MODE = wholemodule;
			};
			name = Release;
		};
		32FE0C162D131DFE00AA4513 /* Debug */ = {
			isa = XCBuildConfiguration;
			buildSettings = {
				ASSETCATALOG_COMPILER_APPICON_NAME = AppIcon;
				ASSETCATALOG_COMPILER_GLOBAL_ACCENT_COLOR_NAME = AccentColor;
				CODE_SIGN_ENTITLEMENTS = AIQuiz/AIQuiz.entitlements;
				CODE_SIGN_STYLE = Automatic;
				CURRENT_PROJECT_VERSION = 1;
				DEVELOPMENT_ASSET_PATHS = "\"AIQuiz/Preview Content\"";
				DEVELOPMENT_TEAM = 2THATUMRGW;
				ENABLE_HARDENED_RUNTIME = YES;
				ENABLE_PREVIEWS = YES;
				GENERATE_INFOPLIST_FILE = YES;
				"INFOPLIST_KEY_UIApplicationSceneManifest_Generation[sdk=iphoneos*]" = YES;
				"INFOPLIST_KEY_UIApplicationSceneManifest_Generation[sdk=iphonesimulator*]" = YES;
				"INFOPLIST_KEY_UIApplicationSupportsIndirectInputEvents[sdk=iphoneos*]" = YES;
				"INFOPLIST_KEY_UIApplicationSupportsIndirectInputEvents[sdk=iphonesimulator*]" = YES;
				"INFOPLIST_KEY_UILaunchScreen_Generation[sdk=iphoneos*]" = YES;
				"INFOPLIST_KEY_UILaunchScreen_Generation[sdk=iphonesimulator*]" = YES;
				"INFOPLIST_KEY_UIStatusBarStyle[sdk=iphoneos*]" = UIStatusBarStyleDefault;
				"INFOPLIST_KEY_UIStatusBarStyle[sdk=iphonesimulator*]" = UIStatusBarStyleDefault;
				INFOPLIST_KEY_UISupportedInterfaceOrientations = UIInterfaceOrientationPortrait;
				IPHONEOS_DEPLOYMENT_TARGET = 18.1;
				LD_RUNPATH_SEARCH_PATHS = "@executable_path/Frameworks";
				"LD_RUNPATH_SEARCH_PATHS[sdk=macosx*]" = "@executable_path/../Frameworks";
				MACOSX_DEPLOYMENT_TARGET = 15.1;
				MARKETING_VERSION = 1.47;
				PRODUCT_BUNDLE_IDENTIFIER = com.yoenapp.aiquiz;
				PRODUCT_NAME = "$(TARGET_NAME)";
				SDKROOT = auto;
				SUPPORTED_PLATFORMS = "iphoneos iphonesimulator";
				SUPPORTS_MACCATALYST = NO;
				SWIFT_EMIT_LOC_STRINGS = YES;
				SWIFT_VERSION = 5.0;
				TARGETED_DEVICE_FAMILY = 1;
				XROS_DEPLOYMENT_TARGET = 2.1;
			};
			name = Debug;
		};
		32FE0C172D131DFE00AA4513 /* Release */ = {
			isa = XCBuildConfiguration;
			buildSettings = {
				ASSETCATALOG_COMPILER_APPICON_NAME = AppIcon;
				ASSETCATALOG_COMPILER_GLOBAL_ACCENT_COLOR_NAME = AccentColor;
				CODE_SIGN_ENTITLEMENTS = AIQuiz/AIQuiz.entitlements;
				CODE_SIGN_STYLE = Automatic;
				CURRENT_PROJECT_VERSION = 1;
				DEVELOPMENT_ASSET_PATHS = "\"AIQuiz/Preview Content\"";
				DEVELOPMENT_TEAM = 2THATUMRGW;
				ENABLE_HARDENED_RUNTIME = YES;
				ENABLE_PREVIEWS = YES;
				GENERATE_INFOPLIST_FILE = YES;
				"INFOPLIST_KEY_UIApplicationSceneManifest_Generation[sdk=iphoneos*]" = YES;
				"INFOPLIST_KEY_UIApplicationSceneManifest_Generation[sdk=iphonesimulator*]" = YES;
				"INFOPLIST_KEY_UIApplicationSupportsIndirectInputEvents[sdk=iphoneos*]" = YES;
				"INFOPLIST_KEY_UIApplicationSupportsIndirectInputEvents[sdk=iphonesimulator*]" = YES;
				"INFOPLIST_KEY_UILaunchScreen_Generation[sdk=iphoneos*]" = YES;
				"INFOPLIST_KEY_UILaunchScreen_Generation[sdk=iphonesimulator*]" = YES;
				"INFOPLIST_KEY_UIStatusBarStyle[sdk=iphoneos*]" = UIStatusBarStyleDefault;
				"INFOPLIST_KEY_UIStatusBarStyle[sdk=iphonesimulator*]" = UIStatusBarStyleDefault;
				INFOPLIST_KEY_UISupportedInterfaceOrientations = UIInterfaceOrientationPortrait;
				IPHONEOS_DEPLOYMENT_TARGET = 18.1;
				LD_RUNPATH_SEARCH_PATHS = "@executable_path/Frameworks";
				"LD_RUNPATH_SEARCH_PATHS[sdk=macosx*]" = "@executable_path/../Frameworks";
				MACOSX_DEPLOYMENT_TARGET = 15.1;
				MARKETING_VERSION = 1.47;
				PRODUCT_BUNDLE_IDENTIFIER = com.yoenapp.aiquiz;
				PRODUCT_NAME = "$(TARGET_NAME)";
				SDKROOT = auto;
				SUPPORTED_PLATFORMS = "iphoneos iphonesimulator";
				SUPPORTS_MACCATALYST = NO;
				SWIFT_EMIT_LOC_STRINGS = YES;
				SWIFT_VERSION = 5.0;
				TARGETED_DEVICE_FAMILY = 1;
				XROS_DEPLOYMENT_TARGET = 2.1;
			};
			name = Release;
		};
		32FE0C192D131DFE00AA4513 /* Debug */ = {
			isa = XCBuildConfiguration;
			buildSettings = {
				BUNDLE_LOADER = "$(TEST_HOST)";
				CODE_SIGN_STYLE = Automatic;
				CURRENT_PROJECT_VERSION = 1;
				DEVELOPMENT_TEAM = 2THATUMRGW;
				GENERATE_INFOPLIST_FILE = YES;
				IPHONEOS_DEPLOYMENT_TARGET = 18.1;
				MACOSX_DEPLOYMENT_TARGET = 15.1;
				MARKETING_VERSION = 1.47;
				PRODUCT_BUNDLE_IDENTIFIER = com.yoenapp.AIQuizTests;
				PRODUCT_NAME = "$(TARGET_NAME)";
				SDKROOT = auto;
				SUPPORTED_PLATFORMS = "iphoneos iphonesimulator macosx xros xrsimulator";
				SWIFT_EMIT_LOC_STRINGS = NO;
				SWIFT_VERSION = 5.0;
				TARGETED_DEVICE_FAMILY = "1,2,7";
				TEST_HOST = "$(BUILT_PRODUCTS_DIR)/AIQuiz.app/$(BUNDLE_EXECUTABLE_FOLDER_PATH)/AIQuiz";
				XROS_DEPLOYMENT_TARGET = 2.1;
			};
			name = Debug;
		};
		32FE0C1A2D131DFE00AA4513 /* Release */ = {
			isa = XCBuildConfiguration;
			buildSettings = {
				BUNDLE_LOADER = "$(TEST_HOST)";
				CODE_SIGN_STYLE = Automatic;
				CURRENT_PROJECT_VERSION = 1;
				DEVELOPMENT_TEAM = 2THATUMRGW;
				GENERATE_INFOPLIST_FILE = YES;
				IPHONEOS_DEPLOYMENT_TARGET = 18.1;
				MACOSX_DEPLOYMENT_TARGET = 15.1;
				MARKETING_VERSION = 1.47;
				PRODUCT_BUNDLE_IDENTIFIER = com.yoenapp.AIQuizTests;
				PRODUCT_NAME = "$(TARGET_NAME)";
				SDKROOT = auto;
				SUPPORTED_PLATFORMS = "iphoneos iphonesimulator macosx xros xrsimulator";
				SWIFT_EMIT_LOC_STRINGS = NO;
				SWIFT_VERSION = 5.0;
				TARGETED_DEVICE_FAMILY = "1,2,7";
				TEST_HOST = "$(BUILT_PRODUCTS_DIR)/AIQuiz.app/$(BUNDLE_EXECUTABLE_FOLDER_PATH)/AIQuiz";
				XROS_DEPLOYMENT_TARGET = 2.1;
			};
			name = Release;
		};
		32FE0C1C2D131DFE00AA4513 /* Debug */ = {
			isa = XCBuildConfiguration;
			buildSettings = {
				CODE_SIGN_STYLE = Automatic;
				CURRENT_PROJECT_VERSION = 1;
				DEVELOPMENT_TEAM = 2THATUMRGW;
				GENERATE_INFOPLIST_FILE = YES;
				IPHONEOS_DEPLOYMENT_TARGET = 18.1;
				MACOSX_DEPLOYMENT_TARGET = 15.1;
				MARKETING_VERSION = 1.47;
				PRODUCT_BUNDLE_IDENTIFIER = com.yoenapp.AIQuizUITests;
				PRODUCT_NAME = "$(TARGET_NAME)";
				SDKROOT = auto;
				SUPPORTED_PLATFORMS = "iphoneos iphonesimulator macosx xros xrsimulator";
				SWIFT_EMIT_LOC_STRINGS = NO;
				SWIFT_VERSION = 5.0;
				TARGETED_DEVICE_FAMILY = "1,2,7";
				TEST_TARGET_NAME = AIQuiz;
				XROS_DEPLOYMENT_TARGET = 2.1;
			};
			name = Debug;
		};
		32FE0C1D2D131DFE00AA4513 /* Release */ = {
			isa = XCBuildConfiguration;
			buildSettings = {
				CODE_SIGN_STYLE = Automatic;
				CURRENT_PROJECT_VERSION = 1;
				DEVELOPMENT_TEAM = 2THATUMRGW;
				GENERATE_INFOPLIST_FILE = YES;
				IPHONEOS_DEPLOYMENT_TARGET = 18.1;
				MACOSX_DEPLOYMENT_TARGET = 15.1;
				MARKETING_VERSION = 1.47;
				PRODUCT_BUNDLE_IDENTIFIER = com.yoenapp.AIQuizUITests;
				PRODUCT_NAME = "$(TARGET_NAME)";
				SDKROOT = auto;
				SUPPORTED_PLATFORMS = "iphoneos iphonesimulator macosx xros xrsimulator";
				SWIFT_EMIT_LOC_STRINGS = NO;
				SWIFT_VERSION = 5.0;
				TARGETED_DEVICE_FAMILY = "1,2,7";
				TEST_TARGET_NAME = AIQuiz;
				XROS_DEPLOYMENT_TARGET = 2.1;
			};
			name = Release;
		};
/* End XCBuildConfiguration section */

/* Begin XCConfigurationList section */
		32FE0BEB2D131DFC00AA4513 /* Build configuration list for PBXProject "AIQuiz" */ = {
			isa = XCConfigurationList;
			buildConfigurations = (
				32FE0C132D131DFE00AA4513 /* Debug */,
				32FE0C142D131DFE00AA4513 /* Release */,
			);
			defaultConfigurationIsVisible = 0;
			defaultConfigurationName = Release;
		};
		32FE0C152D131DFE00AA4513 /* Build configuration list for PBXNativeTarget "AIQuiz" */ = {
			isa = XCConfigurationList;
			buildConfigurations = (
				32FE0C162D131DFE00AA4513 /* Debug */,
				32FE0C172D131DFE00AA4513 /* Release */,
			);
			defaultConfigurationIsVisible = 0;
			defaultConfigurationName = Release;
		};
		32FE0C182D131DFE00AA4513 /* Build configuration list for PBXNativeTarget "AIQuizTests" */ = {
			isa = XCConfigurationList;
			buildConfigurations = (
				32FE0C192D131DFE00AA4513 /* Debug */,
				32FE0C1A2D131DFE00AA4513 /* Release */,
			);
			defaultConfigurationIsVisible = 0;
			defaultConfigurationName = Release;
		};
		32FE0C1B2D131DFE00AA4513 /* Build configuration list for PBXNativeTarget "AIQuizUITests" */ = {
			isa = XCConfigurationList;
			buildConfigurations = (
				32FE0C1C2D131DFE00AA4513 /* Debug */,
				32FE0C1D2D131DFE00AA4513 /* Release */,
			);
			defaultConfigurationIsVisible = 0;
			defaultConfigurationName = Release;
		};
/* End XCConfigurationList section */

/* Begin XCRemoteSwiftPackageReference section */
		32FE0C1E2D13C44200AA4513 /* XCRemoteSwiftPackageReference "firebase-ios-sdk" */ = {
			isa = XCRemoteSwiftPackageReference;
			repositoryURL = "https://github.com/firebase/firebase-ios-sdk";
			requirement = {
				kind = upToNextMajorVersion;
				minimumVersion = 11.6.0;
			};
		};
/* End XCRemoteSwiftPackageReference section */

/* Begin XCSwiftPackageProductDependency section */
		32FE0C1F2D13C44200AA4513 /* FirebaseAnalytics */ = {
			isa = XCSwiftPackageProductDependency;
			package = 32FE0C1E2D13C44200AA4513 /* XCRemoteSwiftPackageReference "firebase-ios-sdk" */;
			productName = FirebaseAnalytics;
		};
		32FE0C212D13C44200AA4513 /* FirebaseAppCheck */ = {
			isa = XCSwiftPackageProductDependency;
			package = 32FE0C1E2D13C44200AA4513 /* XCRemoteSwiftPackageReference "firebase-ios-sdk" */;
			productName = FirebaseAppCheck;
		};
		32FE0C232D13C44200AA4513 /* FirebaseAuth */ = {
			isa = XCSwiftPackageProductDependency;
			package = 32FE0C1E2D13C44200AA4513 /* XCRemoteSwiftPackageReference "firebase-ios-sdk" */;
			productName = FirebaseAuth;
		};
		32FE0C252D13C44200AA4513 /* FirebaseCrashlytics */ = {
			isa = XCSwiftPackageProductDependency;
			package = 32FE0C1E2D13C44200AA4513 /* XCRemoteSwiftPackageReference "firebase-ios-sdk" */;
			productName = FirebaseCrashlytics;
		};
		32FE0C8A2D13C49800AA4513 /* FirebaseMessaging */ = {
			isa = XCSwiftPackageProductDependency;
			package = 32FE0C1E2D13C44200AA4513 /* XCRemoteSwiftPackageReference "firebase-ios-sdk" */;
			productName = FirebaseMessaging;
		};
		32FE0C8C2D13C4C000AA4513 /* FirebaseFirestore */ = {
			isa = XCSwiftPackageProductDependency;
			package = 32FE0C1E2D13C44200AA4513 /* XCRemoteSwiftPackageReference "firebase-ios-sdk" */;
			productName = FirebaseFirestore;
		};
		32FE0D5A2D14333C00AA4513 /* FirebaseFunctions */ = {
			isa = XCSwiftPackageProductDependency;
			package = 32FE0C1E2D13C44200AA4513 /* XCRemoteSwiftPackageReference "firebase-ios-sdk" */;
			productName = FirebaseFunctions;
		};
/* End XCSwiftPackageProductDependency section */
	};
	rootObject = 32FE0BE82D131DFC00AA4513 /* Project object */;
}
